# This file was autogenerated by Stack.
# You should not edit this file by hand.
# For more information, please see the documentation at:
#   https://docs.haskellstack.org/en/stable/lock_files

packages:
- completed:
    hackage: hakyll-4.15.1.1@sha256:2fd12647d35ff08dc03f212955324984ab905c40bb78edff41b41346095a1608,9924
    pantry-tree:
      size: 8861
      sha256: 24a465f5de6e817a6885fc40cc23a751f7e67fcb9d948b195d6c63c27bbff201
  original:
    hackage: hakyll-4.15.1.1
snapshots:
- completed:
    size: 619152
    url: https://raw.githubusercontent.com/commercialhaskell/stackage-snapshots/master/lts/19/11.yaml
    sha256: 692668712aa3a6638401ce921cd043f5f9a8b018af9ba13ae350871196b047d6
  original: lts-19.11
